
Microsoft Visual Studio Solution File, Format Version 12.00
# Visual Studio Version 16
VisualStudioVersion = 16.0.29806.167
MinimumVisualStudioVersion = 10.0.40219.1
Project("{8BC9CEB8-8B4A-11D0-8D11-00A0C91BC942}") = "logistic_map", "logistic_map.vcxproj", "{EBCE552E-CD1E-41A9-A7F3-76E70462574C}"
EndProject
Global
	GlobalSection(SolutionConfigurationPlatforms) = preSolution
		Debug|x64 = Debug|x64
		Debug|x86 = Debug|x86
		Release|x64 = Release|x64
		Release|x86 = Release|x86
	EndGlobalSection
	GlobalSection(ProjectConfigurationPlatforms) = postSolution
		{EBCE552E-CD1E-41A9-A7F3-76E70462574C}.Debug|x64.ActiveCfg = Debug|x64
		{EBCE552E-CD1E-41A9-A7F3-76E70462574C}.Debug|x64.Build.0 = Debug|x64
		{EBCE552E-CD1E-41A9-A7F3-76E70462574C}.Debug|x86.ActiveCfg = Debug|Win32
		{EBCE552E-CD1E-41A9-A7F3-76E70462574C}.Debug|x86.Build.0 = Debug|Win32
		{EBCE552E-CD1E-41A9-A7F3-76E70462574C}.Release|x64.ActiveCfg = Release|x64
		{EBCE552E-CD1E-41A9-A7F3-76E70462574C}.Release|x64.Build.0 = Release|x64
		{EBCE552E-CD1E-41A9-A7F3-76E70462574C}.Release|x86.ActiveCfg = Release|Win32
		{EBCE552E-CD1E-41A9-A7F3-76E70462574C}.Release|x86.Build.0 = Release|Win32
	EndGlobalSection
	GlobalSection(SolutionProperties) = preSolution
		HideSolutionNode = FALSE
	EndGlobalSection
	GlobalSection(ExtensibilityGlobals) = postSolution
		SolutionGuid = {77BEB4CE-4A9A-4C11-B762-74A03AE33483}
	EndGlobalSection
EndGlobal
